// !$*UTF8*$!
{
	archiveVersion = 1;
	classes = {
	};
	objectVersion = 46;
	objects = {

/* Begin PBXBuildFile section */
		07A3265219C28F3B0084AD70 /* main.m in Sources */ = {isa = PBXBuildFile; fileRef = 07A3265119C28F3B0084AD70 /* main.m */; };
		07A3265519C28F3B0084AD70 /* AppDelegate.m in Sources */ = {isa = PBXBuildFile; fileRef = 07A3265419C28F3B0084AD70 /* AppDelegate.m */; };
		07A3265819C28F3B0084AD70 /* ViewController.m in Sources */ = {isa = PBXBuildFile; fileRef = 07A3265719C28F3B0084AD70 /* ViewController.m */; };
		07A3265B19C28F3B0084AD70 /* Main.storyboard in Resources */ = {isa = PBXBuildFile; fileRef = 07A3265919C28F3B0084AD70 /* Main.storyboard */; };
		07A3265D19C28F3B0084AD70 /* Images.xcassets in Resources */ = {isa = PBXBuildFile; fileRef = 07A3265C19C28F3B0084AD70 /* Images.xcassets */; };
		07A3266919C28F3B0084AD70 /* recordTests.m in Sources */ = {isa = PBXBuildFile; fileRef = 07A3266819C28F3B0084AD70 /* recordTests.m */; };
/* End PBXBuildFile section */

/* Begin PBXContainerItemProxy section */
		07A3266319C28F3B0084AD70 /* PBXContainerItemProxy */ = {
			isa = PBXContainerItemProxy;
			containerPortal = 07A3264419C28F3B0084AD70 /* Project object */;
			proxyType = 1;
			remoteGlobalIDString = 07A3264B19C28F3B0084AD70;
			remoteInfo = record;
		};
/* End PBXContainerItemProxy section */

/* Begin PBXFileReference section */
		07A3264C19C28F3B0084AD70 /* record.app */ = {isa = PBXFileReference; explicitFileType = wrapper.application; includeInIndex = 0; path = record.app; sourceTree = BUILT_PRODUCTS_DIR; };
		07A3265019C28F3B0084AD70 /* Info.plist */ = {isa = PBXFileReference; lastKnownFileType = text.plist.xml; path = Info.plist; sourceTree = "<group>"; };
		07A3265119C28F3B0084AD70 /* main.m */ = {isa = PBXFileReference; lastKnownFileType = sourcecode.c.objc; path = main.m; sourceTree = "<group>"; };
		07A3265319C28F3B0084AD70 /* AppDelegate.h */ = {isa = PBXFileReference; lastKnownFileType = sourcecode.c.h; path = AppDelegate.h; sourceTree = "<group>"; };
		07A3265419C28F3B0084AD70 /* AppDelegate.m */ = {isa = PBXFileReference; lastKnownFileType = sourcecode.c.objc; path = AppDelegate.m; sourceTree = "<group>"; };
		07A3265619C28F3B0084AD70 /* ViewController.h */ = {isa = PBXFileReference; lastKnownFileType = sourcecode.c.h; path = ViewController.h; sourceTree = "<group>"; };
		07A3265719C28F3B0084AD70 /* ViewController.m */ = {isa = PBXFileReference; lastKnownFileType = sourcecode.c.objc; path = ViewController.m; sourceTree = "<group>"; };
		07A3265A19C28F3B0084AD70 /* Base */ = {isa = PBXFileReference; lastKnownFileType = file.storyboard; name = Base; path = Base.lproj/Main.storyboard; sourceTree = "<group>"; };
		07A3265C19C28F3B0084AD70 /* Images.xcassets */ = {isa = PBXFileReference; lastKnownFileType = folder.assetcatalog; path = Images.xcassets; sourceTree = "<group>"; };
		07A3266219C28F3B0084AD70 /* recordTests.xctest */ = {isa = PBXFileReference; explicitFileType = wrapper.cfbundle; includeInIndex = 0; path = recordTests.xctest; sourceTree = BUILT_PRODUCTS_DIR; };
		07A3266719C28F3B0084AD70 /* Info.plist */ = {isa = PBXFileReference; lastKnownFileType = text.plist.xml; path = Info.plist; sourceTree = "<group>"; };
		07A3266819C28F3B0084AD70 /* recordTests.m */ = {isa = PBXFileReference; lastKnownFileType = sourcecode.c.objc; path = recordTests.m; sourceTree = "<group>"; };
/* End PBXFileReference section */

/* Begin PBXFrameworksBuildPhase section */
		07A3264919C28F3B0084AD70 /* Frameworks */ = {
			isa = PBXFrameworksBuildPhase;
			buildActionMask = 2147483647;
			files = (
			);
			runOnlyForDeploymentPostprocessing = 0;
		};
		07A3265F19C28F3B0084AD70 /* Frameworks */ = {
			isa = PBXFrameworksBuildPhase;
			buildActionMask = 2147483647;
			files = (
			);
			runOnlyForDeploymentPostprocessing = 0;
		};
/* End PBXFrameworksBuildPhase section */

/* Begin PBXGroup section */
		07A3264319C28F3B0084AD70 = {
			isa = PBXGroup;
			children = (
				07A3264E19C28F3B0084AD70 /* record */,
				07A3266519C28F3B0084AD70 /* recordTests */,
				07A3264D19C28F3B0084AD70 /* Products */,
			);
			sourceTree = "<group>";
		};
		07A3264D19C28F3B0084AD70 /* Products */ = {
			isa = PBXGroup;
			children = (
				07A3264C19C28F3B0084AD70 /* record.app */,
				07A3266219C28F3B0084AD70 /* recordTests.xctest */,
			);
			name = Products;
			sourceTree = "<group>";
		};
		07A3264E19C28F3B0084AD70 /* record */ = {
			isa = PBXGroup;
			children = (
				07A3265319C28F3B0084AD70 /* AppDelegate.h */,
				07A3265419C28F3B0084AD70 /* AppDelegate.m */,
				07A3265619C28F3B0084AD70 /* ViewController.h */,
				07A3265719C28F3B0084AD70 /* ViewController.m */,
				07A3265919C28F3B0084AD70 /* Main.storyboard */,
				07A3265C19C28F3B0084AD70 /* Images.xcassets */,
				07A3264F19C28F3B0084AD70 /* Supporting Files */,
			);
			path = record;
			sourceTree = "<group>";
		};
		07A3264F19C28F3B0084AD70 /* Supporting Files */ = {
			isa = PBXGroup;
			children = (
				07A3265019C28F3B0084AD70 /* Info.plist */,
				07A3265119C28F3B0084AD70 /* main.m */,
			);
			name = "Supporting Files";
			sourceTree = "<group>";
		};
		07A3266519C28F3B0084AD70 /* recordTests */ = {
			isa = PBXGroup;
			children = (
				07A3266819C28F3B0084AD70 /* recordTests.m */,
				07A3266619C28F3B0084AD70 /* Supporting Files */,
			);
			path = recordTests;
			sourceTree = "<group>";
		};
		07A3266619C28F3B0084AD70 /* Supporting Files */ = {
			isa = PBXGroup;
			children = (
				07A3266719C28F3B0084AD70 /* Info.plist */,
			);
			name = "Supporting Files";
			sourceTree = "<group>";
		};
/* End PBXGroup section */

/* Begin PBXNativeTarget section */
		07A3264B19C28F3B0084AD70 /* record */ = {
			isa = PBXNativeTarget;
			buildConfigurationList = 07A3266C19C28F3B0084AD70 /* Build configuration list for PBXNativeTarget "record" */;
			buildPhases = (
				07A3264819C28F3B0084AD70 /* Sources */,
				07A3264919C28F3B0084AD70 /* Frameworks */,
				07A3264A19C28F3B0084AD70 /* Resources */,
			);
			buildRules = (
			);
			dependencies = (
			);
			name = record;
			productName = record;
			productReference = 07A3264C19C28F3B0084AD70 /* record.app */;
			productType = "com.apple.product-type.application";
		};
		07A3266119C28F3B0084AD70 /* recordTests */ = {
			isa = PBXNativeTarget;
			buildConfigurationList = 07A3266F19C28F3B0084AD70 /* Build configuration list for PBXNativeTarget "recordTests" */;
			buildPhases = (
				07A3265E19C28F3B0084AD70 /* Sources */,
				07A3265F19C28F3B0084AD70 /* Frameworks */,
				07A3266019C28F3B0084AD70 /* Resources */,
			);
			buildRules = (
			);
			dependencies = (
				07A3266419C28F3B0084AD70 /* PBXTargetDependency */,
			);
			name = recordTests;
			productName = recordTests;
			productReference = 07A3266219C28F3B0084AD70 /* recordTests.xctest */;
			productType = "com.apple.product-type.bundle.unit-test";
		};
/* End PBXNativeTarget section */

/* Begin PBXProject section */
		07A3264419C28F3B0084AD70 /* Project object */ = {
			isa = PBXProject;
			attributes = {
				LastUpgradeCheck = 0600;
				ORGANIZATIONNAME = hahnzhu;
				TargetAttributes = {
					07A3264B19C28F3B0084AD70 = {
						CreatedOnToolsVersion = 6.0;
					};
					07A3266119C28F3B0084AD70 = {
						CreatedOnToolsVersion = 6.0;
						TestTargetID = 07A3264B19C28F3B0084AD70;
					};
				};
			};
			buildConfigurationList = 07A3264719C28F3B0084AD70 /* Build configuration list for PBXProject "record" */;
			compatibilityVersion = "Xcode 3.2";
			developmentRegion = English;
			hasScannedForEncodings = 0;
			knownRegions = (
				en,
				Base,
			);
			mainGroup = 07A3264319C28F3B0084AD70;
			productRefGroup = 07A3264D19C28F3B0084AD70 /* Products */;
			projectDirPath = "";
			projectRoot = "";
			targets = (
				07A3264B19C28F3B0084AD70 /* record */,
				07A3266119C28F3B0084AD70 /* recordTests */,
			);
		};
/* End PBXProject section */

/* Begin PBXResourcesBuildPhase section */
		07A3264A19C28F3B0084AD70 /* Resources */ = {
			isa = PBXResourcesBuildPhase;
			buildActionMask = 2147483647;
			files = (
				07A3265B19C28F3B0084AD70 /* Main.storyboard in Resources */,
				07A3265D19C28F3B0084AD70 /* Images.xcassets in Resources */,
			);
			runOnlyForDeploymentPostprocessing = 0;
		};
		07A3266019C28F3B0084AD70 /* Resources */ = {
			isa = PBXResourcesBuildPhase;
			buildActionMask = 2147483647;
			files = (
			);
			runOnlyForDeploymentPostprocessing = 0;
		};
/* End PBXResourcesBuildPhase section */

/* Begin PBXSourcesBuildPhase section */
		07A3264819C28F3B0084AD70 /* Sources */ = {
			isa = PBXSourcesBuildPhase;
			buildActionMask = 2147483647;
			files = (
				07A3265819C28F3B0084AD70 /* ViewController.m in Sources */,
				07A3265519C28F3B0084AD70 /* AppDelegate.m in Sources */,
				07A3265219C28F3B0084AD70 /* main.m in Sources */,
			);
			runOnlyForDeploymentPostprocessing = 0;
		};
		07A3265E19C28F3B0084AD70 /* Sources */ = {
			isa = PBXSourcesBuildPhase;
			buildActionMask = 2147483647;
			files = (
				07A3266919C28F3B0084AD70 /* recordTests.m in Sources */,
			);
			runOnlyForDeploymentPostprocessing = 0;
		};
/* End PBXSourcesBuildPhase section */

/* Begin PBXTargetDependency section */
		07A3266419C28F3B0084AD70 /* PBXTargetDependency */ = {
			isa = PBXTargetDependency;
			target = 07A3264B19C28F3B0084AD70 /* record */;
			targetProxy = 07A3266319C28F3B0084AD70 /* PBXContainerItemProxy */;
		};
/* End PBXTargetDependency section */

/* Begin PBXVariantGroup section */
		07A3265919C28F3B0084AD70 /* Main.storyboard */ = {
			isa = PBXVariantGroup;
			children = (
				07A3265A19C28F3B0084AD70 /* Base */,
			);
			name = Main.storyboard;
			sourceTree = "<group>";
		};
/* End PBXVariantGroup section */

/* Begin XCBuildConfiguration section */
		07A3266A19C28F3B0084AD70 /* Debug */ = {
			isa = XCBuildConfiguration;
			buildSettings = {
				ALWAYS_SEARCH_USER_PATHS = NO;
				CLANG_CXX_LANGUAGE_STANDARD = "gnu++0x";
				CLANG_CXX_LIBRARY = "libc++";
				CLANG_ENABLE_MODULES = YES;
				CLANG_ENABLE_OBJC_ARC = YES;
				CLANG_WARN_BOOL_CONVERSION = YES;
				CLANG_WARN_CONSTANT_CONVERSION = YES;
				CLANG_WARN_DIRECT_OBJC_ISA_USAGE = YES_ERROR;
				CLANG_WARN_EMPTY_BODY = YES;
				CLANG_WARN_ENUM_CONVERSION = YES;
				CLANG_WARN_INT_CONVERSION = YES;
				CLANG_WARN_OBJC_ROOT_CLASS = YES_ERROR;
				CLANG_WARN_UNREACHABLE_CODE = YES;
				CLANG_WARN__DUPLICATE_METHOD_MATCH = YES;
				"CODE_SIGN_IDENTITY[sdk=iphoneos*]" = "iPhone Developer";
				COPY_PHASE_STRIP = NO;
				ENABLE_STRICT_OBJC_MSGSEND = YES;
				GCC_C_LANGUAGE_STANDARD = gnu99;
				GCC_DYNAMIC_NO_PIC = NO;
				GCC_OPTIMIZATION_LEVEL = 0;
				GCC_PREPROCESSOR_DEFINITIONS = (
					"DEBUG=1",
					"$(inherited)",
				);
				GCC_SYMBOLS_PRIVATE_EXTERN = NO;
				GCC_WARN_64_TO_32_BIT_CONVERSION = YES;
				GCC_WARN_ABOUT_RETURN_TYPE = YES_ERROR;
				GCC_WARN_UNDECLARED_SELECTOR = YES;
				GCC_WARN_UNINITIALIZED_AUTOS = YES_AGGRESSIVE;
				GCC_WARN_UNUSED_FUNCTION = YES;
				GCC_WARN_UNUSED_VARIABLE = YES;
				IPHONEOS_DEPLOYMENT_TARGET = 8.0;
				MTL_ENABLE_DEBUG_INFO = YES;
				ONLY_ACTIVE_ARCH = YES;
				SDKROOT = iphoneos;
			};
			name = Debug;
		};
		07A3266B19C28F3B0084AD70 /* Release */ = {
			isa = XCBuildConfiguration;
			buildSettings = {
				ALWAYS_SEARCH_USER_PATHS = NO;
				CLANG_CXX_LANGUAGE_STANDARD = "gnu++0x";
				CLANG_CXX_LIBRARY = "libc++";
				CLANG_ENABLE_MODULES = YES;
				CLANG_ENABLE_OBJC_ARC = YES;
				CLANG_WARN_BOOL_CONVERSION = YES;
				CLANG_WARN_CONSTANT_CONVERSION = YES;
				CLANG_WARN_DIRECT_OBJC_ISA_USAGE = YES_ERROR;
				CLANG_WARN_EMPTY_BODY = YES;
				CLANG_WARN_ENUM_CONVERSION = YES;
				CLANG_WARN_INT_CONVERSION = YES;
				CLANG_WARN_OBJC_ROOT_CLASS = YES_ERROR;
				CLANG_WARN_UNREACHABLE_CODE = YES;
				CLANG_WARN__DUPLICATE_METHOD_MATCH = YES;
				"CODE_SIGN_IDENTITY[sdk=iphoneos*]" = "iPhone Developer";
				COPY_PHASE_STRIP = YES;
				ENABLE_NS_ASSERTIONS = NO;
				ENABLE_STRICT_OBJC_MSGSEND = YES;
				GCC_C_LANGUAGE_STANDARD = gnu99;
				GCC_WARN_64_TO_32_BIT_CONVERSION = YES;
				GCC_WARN_ABOUT_RETURN_TYPE = YES_ERROR;
				GCC_WARN_UNDECLARED_SELECTOR = YES;
				GCC_WARN_UNINITIALIZED_AUTOS = YES_AGGRESSIVE;
				GCC_WARN_UNUSED_FUNCTION = YES;
				GCC_WARN_UNUSED_VARIABLE = YES;
				IPHONEOS_DEPLOYMENT_TARGET = 8.0;
				MTL_ENABLE_DEBUG_INFO = NO;
				SDKROOT = iphoneos;
				VALIDATE_PRODUCT = YES;
			};
			name = Release;
		};
		07A3266D19C28F3B0084AD70 /* Debug */ = {
			isa = XCBuildConfiguration;
			buildSettings = {
				ASSETCATALOG_COMPILER_APPICON_NAME = AppIcon;
				ASSETCATALOG_COMPILER_LAUNCHIMAGE_NAME = LaunchImage;
				INFOPLIST_FILE = record/Info.plist;
				LD_RUNPATH_SEARCH_PATHS = "$(inherited) @executable_path/Frameworks";
				PRODUCT_NAME = "$(TARGET_NAME)";
			};
			name = Debug;
		};
		07A3266E19C28F3B0084AD70 /* Release */ = {
			isa = XCBuildConfiguration;
			buildSettings = {
				ASSETCATALOG_COMPILER_APPICON_NAME = AppIcon;
				ASSETCATALOG_COMPILER_LAUNCHIMAGE_NAME = LaunchImage;
				INFOPLIST_FILE = record/Info.plist;
				LD_RUNPATH_SEARCH_PATHS = "$(inherited) @executable_path/Frameworks";
				PRODUCT_NAME = "$(TARGET_NAME)";
			};
			name = Release;
		};
		07A3267019C28F3B0084AD70 /* Debug */ = {
			isa = XCBuildConfiguration;
			buildSettings = {
				BUNDLE_LOADER = "$(TEST_HOST)";
				FRAMEWORK_SEARCH_PATHS = (
					"$(SDKROOT)/Developer/Library/Frameworks",
					"$(inherited)",
				);
				GCC_PREPROCESSOR_DEFINITIONS = (
					"DEBUG=1",
					"$(inherited)",
				);
				INFOPLIST_FILE = recordTests/Info.plist;
				LD_RUNPATH_SEARCH_PATHS = "$(inherited) @executable_path/Frameworks @loader_path/Frameworks";
				PRODUCT_NAME = "$(TARGET_NAME)";
				TEST_HOST = "$(BUILT_PRODUCTS_DIR)/record.app/record";
			};
			name = Debug;
		};
		07A3267119C28F3B0084AD70 /* Release */ = {
			isa = XCBuildConfiguration;
			buildSettings = {
				BUNDLE_LOADER = "$(TEST_HOST)";
				FRAMEWORK_SEARCH_PATHS = (
					"$(SDKROOT)/Developer/Library/Frameworks",
					"$(inherited)",
				);
				INFOPLIST_FILE = recordTests/Info.plist;
				LD_RUNPATH_SEARCH_PATHS = "$(inherited) @executable_path/Frameworks @loader_path/Frameworks";
				PRODUCT_NAME = "$(TARGET_NAME)";
				TEST_HOST = "$(BUILT_PRODUCTS_DIR)/record.app/record";
			};
			name = Release;
		};
/* End XCBuildConfiguration section */

/* Begin XCConfigurationList section */
		07A3264719C28F3B0084AD70 /* Build configuration list for PBXProject "record" */ = {
			isa = XCConfigurationList;
			buildConfigurations = (
				07A3266A19C28F3B0084AD70 /* Debug */,
				07A3266B19C28F3B0084AD70 /* Release */,
			);
			defaultConfigurationIsVisible = 0;
			defaultConfigurationName = Release;
		};
		07A3266C19C28F3B0084AD70 /* Build configuration list for PBXNativeTarget "record" */ = {
			isa = XCConfigurationList;
			buildConfigurations = (
				07A3266D19C28F3B0084AD70 /* Debug */,
				07A3266E19C28F3B0084AD70 /* Release */,
			);
			defaultConfigurationIsVisible = 0;
		};
		07A3266F19C28F3B0084AD70 /* Build configuration list for PBXNativeTarget "recordTests" */ = {
			isa = XCConfigurationList;
			buildConfigurations = (
				07A3267019C28F3B0084AD70 /* Debug */,
				07A3267119C28F3B0084AD70 /* Release */,
			);
			defaultConfigurationIsVisible = 0;
		};
/* End XCConfigurationList section */
	};
	rootObject = 07A3264419C28F3B0084AD70 /* Project object */;
}
